
Microsoft Visual Studio Solution File, Format Version 12.00
# Visual Studio Version 17
VisualStudioVersion = 17.7.34202.233
MinimumVisualStudioVersion = 10.0.40219.1
Project("{FAE04EC0-301F-11D3-BF4B-00C04F79EFBC}") = "b18", "b18\b18.csproj", "{D8A87880-0092-466D-BC6E-BE43AC69BB8D}"
EndProject
Global
	GlobalSection(SolutionConfigurationPlatforms) = preSolution
		Debug|Any CPU = Debug|Any CPU
		Release|Any CPU = Release|Any CPU
	EndGlobalSection
	GlobalSection(ProjectConfigurationPlatforms) = postSolution
		{D8A87880-0092-466D-BC6E-BE43AC69BB8D}.Debug|Any CPU.ActiveCfg = Debug|Any CPU
		{D8A87880-0092-466D-BC6E-BE43AC69BB8D}.Debug|Any CPU.Build.0 = Debug|Any CPU
		{D8A87880-0092-466D-BC6E-BE43AC69BB8D}.Release|Any CPU.ActiveCfg = Release|Any CPU
		{D8A87880-0092-466D-BC6E-BE43AC69BB8D}.Release|Any CPU.Build.0 = Release|Any CPU
	EndGlobalSection
	GlobalSection(SolutionProperties) = preSolution
		HideSolutionNode = FALSE
	EndGlobalSection
	GlobalSection(ExtensibilityGlobals) = postSolution
		SolutionGuid = {20F76FAB-077F-4E30-871F-A95062CE4AA7}
	EndGlobalSection
EndGlobal
